// !$*UTF8*$!
{
	archiveVersion = 1;
	classes = {
	};
	objectVersion = 46;
	objects = {

/* Begin PBXBuildFile section */
		9C6894E11DD8A727005C2C2C /* main.m in Sources */ = {isa = PBXBuildFile; fileRef = 9C6894E01DD8A727005C2C2C /* main.m */; };
		9C6894E41DD8A727005C2C2C /* AppDelegate.m in Sources */ = {isa = PBXBuildFile; fileRef = 9C6894E31DD8A727005C2C2C /* AppDelegate.m */; };
		9C6894E71DD8A727005C2C2C /* ViewController.m in Sources */ = {isa = PBXBuildFile; fileRef = 9C6894E61DD8A727005C2C2C /* ViewController.m */; };
		9C6894EA1DD8A727005C2C2C /* Main.storyboard in Resources */ = {isa = PBXBuildFile; fileRef = 9C6894E81DD8A727005C2C2C /* Main.storyboard */; };
		9C6894EC1DD8A727005C2C2C /* Assets.xcassets in Resources */ = {isa = PBXBuildFile; fileRef = 9C6894EB1DD8A727005C2C2C /* Assets.xcassets */; };
		9C6894EF1DD8A727005C2C2C /* LaunchScreen.storyboard in Resources */ = {isa = PBXBuildFile; fileRef = 9C6894ED1DD8A727005C2C2C /* LaunchScreen.storyboard */; };
		9C6894F81DD8AA54005C2C2C /* Person.m in Sources */ = {isa = PBXBuildFile; fileRef = 9C6894F71DD8AA54005C2C2C /* Person.m */; };
/* End PBXBuildFile section */

/* Begin PBXFileReference section */
		9C6894DC1DD8A727005C2C2C /* NSSort​DescriptorDemo.app */ = {isa = PBXFileReference; explicitFileType = wrapper.application; includeInIndex = 0; path = "NSSort​DescriptorDemo.app"; sourceTree = BUILT_PRODUCTS_DIR; };
		9C6894E01DD8A727005C2C2C /* main.m */ = {isa = PBXFileReference; lastKnownFileType = sourcecode.c.objc; path = main.m; sourceTree = "<group>"; };
		9C6894E21DD8A727005C2C2C /* AppDelegate.h */ = {isa = PBXFileReference; lastKnownFileType = sourcecode.c.h; path = AppDelegate.h; sourceTree = "<group>"; };
		9C6894E31DD8A727005C2C2C /* AppDelegate.m */ = {isa = PBXFileReference; lastKnownFileType = sourcecode.c.objc; path = AppDelegate.m; sourceTree = "<group>"; };
		9C6894E51DD8A727005C2C2C /* ViewController.h */ = {isa = PBXFileReference; lastKnownFileType = sourcecode.c.h; path = ViewController.h; sourceTree = "<group>"; };
		9C6894E61DD8A727005C2C2C /* ViewController.m */ = {isa = PBXFileReference; lastKnownFileType = sourcecode.c.objc; path = ViewController.m; sourceTree = "<group>"; };
		9C6894E91DD8A727005C2C2C /* Base */ = {isa = PBXFileReference; lastKnownFileType = file.storyboard; name = Base; path = Base.lproj/Main.storyboard; sourceTree = "<group>"; };
		9C6894EB1DD8A727005C2C2C /* Assets.xcassets */ = {isa = PBXFileReference; lastKnownFileType = folder.assetcatalog; path = Assets.xcassets; sourceTree = "<group>"; };
		9C6894EE1DD8A727005C2C2C /* Base */ = {isa = PBXFileReference; lastKnownFileType = file.storyboard; name = Base; path = Base.lproj/LaunchScreen.storyboard; sourceTree = "<group>"; };
		9C6894F01DD8A727005C2C2C /* Info.plist */ = {isa = PBXFileReference; lastKnownFileType = text.plist.xml; path = Info.plist; sourceTree = "<group>"; };
		9C6894F61DD8AA54005C2C2C /* Person.h */ = {isa = PBXFileReference; fileEncoding = 4; lastKnownFileType = sourcecode.c.h; path = Person.h; sourceTree = "<group>"; };
		9C6894F71DD8AA54005C2C2C /* Person.m */ = {isa = PBXFileReference; fileEncoding = 4; lastKnownFileType = sourcecode.c.objc; path = Person.m; sourceTree = "<group>"; };
/* End PBXFileReference section */

/* Begin PBXFrameworksBuildPhase section */
		9C6894D91DD8A727005C2C2C /* Frameworks */ = {
			isa = PBXFrameworksBuildPhase;
			buildActionMask = 2147483647;
			files = (
			);
			runOnlyForDeploymentPostprocessing = 0;
		};
/* End PBXFrameworksBuildPhase section */

/* Begin PBXGroup section */
		9C6894D31DD8A727005C2C2C = {
			isa = PBXGroup;
			children = (
				9C6894DE1DD8A727005C2C2C /* NSSort​DescriptorDemo */,
				9C6894DD1DD8A727005C2C2C /* Products */,
			);
			sourceTree = "<group>";
		};
		9C6894DD1DD8A727005C2C2C /* Products */ = {
			isa = PBXGroup;
			children = (
				9C6894DC1DD8A727005C2C2C /* NSSort​DescriptorDemo.app */,
			);
			name = Products;
			sourceTree = "<group>";
		};
		9C6894DE1DD8A727005C2C2C /* NSSort​DescriptorDemo */ = {
			isa = PBXGroup;
			children = (
				9C6894E21DD8A727005C2C2C /* AppDelegate.h */,
				9C6894E31DD8A727005C2C2C /* AppDelegate.m */,
				9C6894E51DD8A727005C2C2C /* ViewController.h */,
				9C6894E61DD8A727005C2C2C /* ViewController.m */,
				9C6894F61DD8AA54005C2C2C /* Person.h */,
				9C6894F71DD8AA54005C2C2C /* Person.m */,
				9C6894E81DD8A727005C2C2C /* Main.storyboard */,
				9C6894EB1DD8A727005C2C2C /* Assets.xcassets */,
				9C6894ED1DD8A727005C2C2C /* LaunchScreen.storyboard */,
				9C6894F01DD8A727005C2C2C /* Info.plist */,
				9C6894DF1DD8A727005C2C2C /* Supporting Files */,
			);
			path = "NSSort​DescriptorDemo";
			sourceTree = "<group>";
		};
		9C6894DF1DD8A727005C2C2C /* Supporting Files */ = {
			isa = PBXGroup;
			children = (
				9C6894E01DD8A727005C2C2C /* main.m */,
			);
			name = "Supporting Files";
			sourceTree = "<group>";
		};
/* End PBXGroup section */

/* Begin PBXNativeTarget section */
		9C6894DB1DD8A727005C2C2C /* NSSort​DescriptorDemo */ = {
			isa = PBXNativeTarget;
			buildConfigurationList = 9C6894F31DD8A727005C2C2C /* Build configuration list for PBXNativeTarget "NSSort​DescriptorDemo" */;
			buildPhases = (
				9C6894D81DD8A727005C2C2C /* Sources */,
				9C6894D91DD8A727005C2C2C /* Frameworks */,
				9C6894DA1DD8A727005C2C2C /* Resources */,
			);
			buildRules = (
			);
			dependencies = (
			);
			name = "NSSort​DescriptorDemo";
			productName = "NSSort​DescriptorDemo";
			productReference = 9C6894DC1DD8A727005C2C2C /* NSSort​DescriptorDemo.app */;
			productType = "com.apple.product-type.application";
		};
/* End PBXNativeTarget section */

/* Begin PBXProject section */
		9C6894D41DD8A727005C2C2C /* Project object */ = {
			isa = PBXProject;
			attributes = {
				LastUpgradeCheck = 0810;
				ORGANIZATIONNAME = "赵清";
				TargetAttributes = {
					9C6894DB1DD8A727005C2C2C = {
						CreatedOnToolsVersion = 8.1;
						ProvisioningStyle = Automatic;
					};
				};
			};
			buildConfigurationList = 9C6894D71DD8A727005C2C2C /* Build configuration list for PBXProject "NSSort​DescriptorDemo" */;
			compatibilityVersion = "Xcode 3.2";
			developmentRegion = English;
			hasScannedForEncodings = 0;
			knownRegions = (
				en,
				Base,
			);
			mainGroup = 9C6894D31DD8A727005C2C2C;
			productRefGroup = 9C6894DD1DD8A727005C2C2C /* Products */;
			projectDirPath = "";
			projectRoot = "";
			targets = (
				9C6894DB1DD8A727005C2C2C /* NSSort​DescriptorDemo */,
			);
		};
/* End PBXProject section */

/* Begin PBXResourcesBuildPhase section */
		9C6894DA1DD8A727005C2C2C /* Resources */ = {
			isa = PBXResourcesBuildPhase;
			buildActionMask = 2147483647;
			files = (
				9C6894EF1DD8A727005C2C2C /* LaunchScreen.storyboard in Resources */,
				9C6894EC1DD8A727005C2C2C /* Assets.xcassets in Resources */,
				9C6894EA1DD8A727005C2C2C /* Main.storyboard in Resources */,
			);
			runOnlyForDeploymentPostprocessing = 0;
		};
/* End PBXResourcesBuildPhase section */

/* Begin PBXSourcesBuildPhase section */
		9C6894D81DD8A727005C2C2C /* Sources */ = {
			isa = PBXSourcesBuildPhase;
			buildActionMask = 2147483647;
			files = (
				9C6894E71DD8A727005C2C2C /* ViewController.m in Sources */,
				9C6894E41DD8A727005C2C2C /* AppDelegate.m in Sources */,
				9C6894F81DD8AA54005C2C2C /* Person.m in Sources */,
				9C6894E11DD8A727005C2C2C /* main.m in Sources */,
			);
			runOnlyForDeploymentPostprocessing = 0;
		};
/* End PBXSourcesBuildPhase section */

/* Begin PBXVariantGroup section */
		9C6894E81DD8A727005C2C2C /* Main.storyboard */ = {
			isa = PBXVariantGroup;
			children = (
				9C6894E91DD8A727005C2C2C /* Base */,
			);
			name = Main.storyboard;
			sourceTree = "<group>";
		};
		9C6894ED1DD8A727005C2C2C /* LaunchScreen.storyboard */ = {
			isa = PBXVariantGroup;
			children = (
				9C6894EE1DD8A727005C2C2C /* Base */,
			);
			name = LaunchScreen.storyboard;
			sourceTree = "<group>";
		};
/* End PBXVariantGroup section */

/* Begin XCBuildConfiguration section */
		9C6894F11DD8A727005C2C2C /* Debug */ = {
			isa = XCBuildConfiguration;
			buildSettings = {
				ALWAYS_SEARCH_USER_PATHS = NO;
				CLANG_ANALYZER_NONNULL = YES;
				CLANG_CXX_LANGUAGE_STANDARD = "gnu++0x";
				CLANG_CXX_LIBRARY = "libc++";
				CLANG_ENABLE_MODULES = YES;
				CLANG_ENABLE_OBJC_ARC = YES;
				CLANG_WARN_BOOL_CONVERSION = YES;
				CLANG_WARN_CONSTANT_CONVERSION = YES;
				CLANG_WARN_DIRECT_OBJC_ISA_USAGE = YES_ERROR;
				CLANG_WARN_DOCUMENTATION_COMMENTS = YES;
				CLANG_WARN_EMPTY_BODY = YES;
				CLANG_WARN_ENUM_CONVERSION = YES;
				CLANG_WARN_INFINITE_RECURSION = YES;
				CLANG_WARN_INT_CONVERSION = YES;
				CLANG_WARN_OBJC_ROOT_CLASS = YES_ERROR;
				CLANG_WARN_SUSPICIOUS_MOVES = YES;
				CLANG_WARN_UNREACHABLE_CODE = YES;
				CLANG_WARN__DUPLICATE_METHOD_MATCH = YES;
				"CODE_SIGN_IDENTITY[sdk=iphoneos*]" = "iPhone Developer";
				COPY_PHASE_STRIP = NO;
				DEBUG_INFORMATION_FORMAT = dwarf;
				ENABLE_STRICT_OBJC_MSGSEND = YES;
				ENABLE_TESTABILITY = YES;
				GCC_C_LANGUAGE_STANDARD = gnu99;
				GCC_DYNAMIC_NO_PIC = NO;
				GCC_NO_COMMON_BLOCKS = YES;
				GCC_OPTIMIZATION_LEVEL = 0;
				GCC_PREPROCESSOR_DEFINITIONS = (
					"DEBUG=1",
					"$(inherited)",
				);
				GCC_WARN_64_TO_32_BIT_CONVERSION = YES;
				GCC_WARN_ABOUT_RETURN_TYPE = YES_ERROR;
				GCC_WARN_UNDECLARED_SELECTOR = YES;
				GCC_WARN_UNINITIALIZED_AUTOS = YES_AGGRESSIVE;
				GCC_WARN_UNUSED_FUNCTION = YES;
				GCC_WARN_UNUSED_VARIABLE = YES;
				IPHONEOS_DEPLOYMENT_TARGET = 10.1;
				MTL_ENABLE_DEBUG_INFO = YES;
				ONLY_ACTIVE_ARCH = YES;
				SDKROOT = iphoneos;
				TARGETED_DEVICE_FAMILY = "1,2";
			};
			name = Debug;
		};
		9C6894F21DD8A727005C2C2C /* Release */ = {
			isa = XCBuildConfiguration;
			buildSettings = {
				ALWAYS_SEARCH_USER_PATHS = NO;
				CLANG_ANALYZER_NONNULL = YES;
				CLANG_CXX_LANGUAGE_STANDARD = "gnu++0x";
				CLANG_CXX_LIBRARY = "libc++";
				CLANG_ENABLE_MODULES = YES;
				CLANG_ENABLE_OBJC_ARC = YES;
				CLANG_WARN_BOOL_CONVERSION = YES;
				CLANG_WARN_CONSTANT_CONVERSION = YES;
				CLANG_WARN_DIRECT_OBJC_ISA_USAGE = YES_ERROR;
				CLANG_WARN_DOCUMENTATION_COMMENTS = YES;
				CLANG_WARN_EMPTY_BODY = YES;
				CLANG_WARN_ENUM_CONVERSION = YES;
				CLANG_WARN_INFINITE_RECURSION = YES;
				CLANG_WARN_INT_CONVERSION = YES;
				CLANG_WARN_OBJC_ROOT_CLASS = YES_ERROR;
				CLANG_WARN_SUSPICIOUS_MOVES = YES;
				CLANG_WARN_UNREACHABLE_CODE = YES;
				CLANG_WARN__DUPLICATE_METHOD_MATCH = YES;
				"CODE_SIGN_IDENTITY[sdk=iphoneos*]" = "iPhone Developer";
				COPY_PHASE_STRIP = NO;
				DEBUG_INFORMATION_FORMAT = "dwarf-with-dsym";
				ENABLE_NS_ASSERTIONS = NO;
				ENABLE_STRICT_OBJC_MSGSEND = YES;
				GCC_C_LANGUAGE_STANDARD = gnu99;
				GCC_NO_COMMON_BLOCKS = YES;
				GCC_WARN_64_TO_32_BIT_CONVERSION = YES;
				GCC_WARN_ABOUT_RETURN_TYPE = YES_ERROR;
				GCC_WARN_UNDECLARED_SELECTOR = YES;
				GCC_WARN_UNINITIALIZED_AUTOS = YES_AGGRESSIVE;
				GCC_WARN_UNUSED_FUNCTION = YES;
				GCC_WARN_UNUSED_VARIABLE = YES;
				IPHONEOS_DEPLOYMENT_TARGET = 10.1;
				MTL_ENABLE_DEBUG_INFO = NO;
				SDKROOT = iphoneos;
				TARGETED_DEVICE_FAMILY = "1,2";
				VALIDATE_PRODUCT = YES;
			};
			name = Release;
		};
		9C6894F41DD8A727005C2C2C /* Debug */ = {
			isa = XCBuildConfiguration;
			buildSettings = {
				ASSETCATALOG_COMPILER_APPICON_NAME = AppIcon;
				INFOPLIST_FILE = "NSSort​DescriptorDemo/Info.plist";
				LD_RUNPATH_SEARCH_PATHS = "$(inherited) @executable_path/Frameworks";
				PRODUCT_BUNDLE_IDENTIFIER = "com.private.zhaoqing.NSSort-DescriptorDemo";
				PRODUCT_NAME = "$(TARGET_NAME)";
			};
			name = Debug;
		};
		9C6894F51DD8A727005C2C2C /* Release */ = {
			isa = XCBuildConfiguration;
			buildSettings = {
				ASSETCATALOG_COMPILER_APPICON_NAME = AppIcon;
				INFOPLIST_FILE = "NSSort​DescriptorDemo/Info.plist";
				LD_RUNPATH_SEARCH_PATHS = "$(inherited) @executable_path/Frameworks";
				PRODUCT_BUNDLE_IDENTIFIER = "com.private.zhaoqing.NSSort-DescriptorDemo";
				PRODUCT_NAME = "$(TARGET_NAME)";
			};
			name = Release;
		};
/* End XCBuildConfiguration section */

/* Begin XCConfigurationList section */
		9C6894D71DD8A727005C2C2C /* Build configuration list for PBXProject "NSSort​DescriptorDemo" */ = {
			isa = XCConfigurationList;
			buildConfigurations = (
				9C6894F11DD8A727005C2C2C /* Debug */,
				9C6894F21DD8A727005C2C2C /* Release */,
			);
			defaultConfigurationIsVisible = 0;
			defaultConfigurationName = Release;
		};
		9C6894F31DD8A727005C2C2C /* Build configuration list for PBXNativeTarget "NSSort​DescriptorDemo" */ = {
			isa = XCConfigurationList;
			buildConfigurations = (
				9C6894F41DD8A727005C2C2C /* Debug */,
				9C6894F51DD8A727005C2C2C /* Release */,
			);
			defaultConfigurationIsVisible = 0;
		};
/* End XCConfigurationList section */
	};
	rootObject = 9C6894D41DD8A727005C2C2C /* Project object */;
}
