// !$*UTF8*$!
{
	archiveVersion = 1;
	classes = {
	};
	objectVersion = 46;
	objects = {

/* Begin PBXBuildFile section */
		D76D8E081B70DA0600B9179A /* main.m in Sources */ = {isa = PBXBuildFile; fileRef = D76D8E071B70DA0600B9179A /* main.m */; };
		D76D8E0B1B70DA0600B9179A /* AppDelegate.m in Sources */ = {isa = PBXBuildFile; fileRef = D76D8E0A1B70DA0600B9179A /* AppDelegate.m */; };
		D76D8E131B70DA0600B9179A /* Images.xcassets in Resources */ = {isa = PBXBuildFile; fileRef = D76D8E121B70DA0600B9179A /* Images.xcassets */; };
		D76D8E161B70DA0600B9179A /* LaunchScreen.xib in Resources */ = {isa = PBXBuildFile; fileRef = D76D8E141B70DA0600B9179A /* LaunchScreen.xib */; };
		D76D8E221B70DA0600B9179A /* UITableView2DemoTests.m in Sources */ = {isa = PBXBuildFile; fileRef = D76D8E211B70DA0600B9179A /* UITableView2DemoTests.m */; };
		D76D8E681B70DDB700B9179A /* TableViewController.m in Sources */ = {isa = PBXBuildFile; fileRef = D76D8E671B70DDB700B9179A /* TableViewController.m */; };
		D76D8E6B1B70DE2100B9179A /* Character.m in Sources */ = {isa = PBXBuildFile; fileRef = D76D8E6A1B70DE2100B9179A /* Character.m */; };
/* End PBXBuildFile section */

/* Begin PBXContainerItemProxy section */
		D76D8E1C1B70DA0600B9179A /* PBXContainerItemProxy */ = {
			isa = PBXContainerItemProxy;
			containerPortal = D76D8DFA1B70DA0600B9179A /* Project object */;
			proxyType = 1;
			remoteGlobalIDString = D76D8E011B70DA0600B9179A;
			remoteInfo = UITableView2Demo;
		};
/* End PBXContainerItemProxy section */

/* Begin PBXFileReference section */
		D76D8E021B70DA0600B9179A /* UITableView2Demo.app */ = {isa = PBXFileReference; explicitFileType = wrapper.application; includeInIndex = 0; path = UITableView2Demo.app; sourceTree = BUILT_PRODUCTS_DIR; };
		D76D8E061B70DA0600B9179A /* Info.plist */ = {isa = PBXFileReference; lastKnownFileType = text.plist.xml; path = Info.plist; sourceTree = "<group>"; };
		D76D8E071B70DA0600B9179A /* main.m */ = {isa = PBXFileReference; lastKnownFileType = sourcecode.c.objc; path = main.m; sourceTree = "<group>"; };
		D76D8E091B70DA0600B9179A /* AppDelegate.h */ = {isa = PBXFileReference; lastKnownFileType = sourcecode.c.h; path = AppDelegate.h; sourceTree = "<group>"; };
		D76D8E0A1B70DA0600B9179A /* AppDelegate.m */ = {isa = PBXFileReference; lastKnownFileType = sourcecode.c.objc; path = AppDelegate.m; sourceTree = "<group>"; };
		D76D8E121B70DA0600B9179A /* Images.xcassets */ = {isa = PBXFileReference; lastKnownFileType = folder.assetcatalog; path = Images.xcassets; sourceTree = "<group>"; };
		D76D8E151B70DA0600B9179A /* Base */ = {isa = PBXFileReference; lastKnownFileType = file.xib; name = Base; path = Base.lproj/LaunchScreen.xib; sourceTree = "<group>"; };
		D76D8E1B1B70DA0600B9179A /* UITableView2DemoTests.xctest */ = {isa = PBXFileReference; explicitFileType = wrapper.cfbundle; includeInIndex = 0; path = UITableView2DemoTests.xctest; sourceTree = BUILT_PRODUCTS_DIR; };
		D76D8E201B70DA0600B9179A /* Info.plist */ = {isa = PBXFileReference; lastKnownFileType = text.plist.xml; path = Info.plist; sourceTree = "<group>"; };
		D76D8E211B70DA0600B9179A /* UITableView2DemoTests.m */ = {isa = PBXFileReference; lastKnownFileType = sourcecode.c.objc; path = UITableView2DemoTests.m; sourceTree = "<group>"; };
		D76D8E661B70DDB700B9179A /* TableViewController.h */ = {isa = PBXFileReference; fileEncoding = 4; lastKnownFileType = sourcecode.c.h; path = TableViewController.h; sourceTree = "<group>"; };
		D76D8E671B70DDB700B9179A /* TableViewController.m */ = {isa = PBXFileReference; fileEncoding = 4; lastKnownFileType = sourcecode.c.objc; path = TableViewController.m; sourceTree = "<group>"; };
		D76D8E691B70DE2100B9179A /* Character.h */ = {isa = PBXFileReference; fileEncoding = 4; lastKnownFileType = sourcecode.c.h; path = Character.h; sourceTree = "<group>"; };
		D76D8E6A1B70DE2100B9179A /* Character.m */ = {isa = PBXFileReference; fileEncoding = 4; lastKnownFileType = sourcecode.c.objc; path = Character.m; sourceTree = "<group>"; };
/* End PBXFileReference section */

/* Begin PBXFrameworksBuildPhase section */
		D76D8DFF1B70DA0600B9179A /* Frameworks */ = {
			isa = PBXFrameworksBuildPhase;
			buildActionMask = 2147483647;
			files = (
			);
			runOnlyForDeploymentPostprocessing = 0;
		};
		D76D8E181B70DA0600B9179A /* Frameworks */ = {
			isa = PBXFrameworksBuildPhase;
			buildActionMask = 2147483647;
			files = (
			);
			runOnlyForDeploymentPostprocessing = 0;
		};
/* End PBXFrameworksBuildPhase section */

/* Begin PBXGroup section */
		D76D8DF91B70DA0600B9179A = {
			isa = PBXGroup;
			children = (
				D76D8E041B70DA0600B9179A /* UITableView2Demo */,
				D76D8E1E1B70DA0600B9179A /* UITableView2DemoTests */,
				D76D8E031B70DA0600B9179A /* Products */,
			);
			sourceTree = "<group>";
		};
		D76D8E031B70DA0600B9179A /* Products */ = {
			isa = PBXGroup;
			children = (
				D76D8E021B70DA0600B9179A /* UITableView2Demo.app */,
				D76D8E1B1B70DA0600B9179A /* UITableView2DemoTests.xctest */,
			);
			name = Products;
			sourceTree = "<group>";
		};
		D76D8E041B70DA0600B9179A /* UITableView2Demo */ = {
			isa = PBXGroup;
			children = (
				D76D8E091B70DA0600B9179A /* AppDelegate.h */,
				D76D8E0A1B70DA0600B9179A /* AppDelegate.m */,
				D76D8E661B70DDB700B9179A /* TableViewController.h */,
				D76D8E671B70DDB700B9179A /* TableViewController.m */,
				D76D8E691B70DE2100B9179A /* Character.h */,
				D76D8E6A1B70DE2100B9179A /* Character.m */,
				D76D8E121B70DA0600B9179A /* Images.xcassets */,
				D76D8E141B70DA0600B9179A /* LaunchScreen.xib */,
				D76D8E051B70DA0600B9179A /* Supporting Files */,
			);
			path = UITableView2Demo;
			sourceTree = "<group>";
		};
		D76D8E051B70DA0600B9179A /* Supporting Files */ = {
			isa = PBXGroup;
			children = (
				D76D8E061B70DA0600B9179A /* Info.plist */,
				D76D8E071B70DA0600B9179A /* main.m */,
			);
			name = "Supporting Files";
			sourceTree = "<group>";
		};
		D76D8E1E1B70DA0600B9179A /* UITableView2DemoTests */ = {
			isa = PBXGroup;
			children = (
				D76D8E211B70DA0600B9179A /* UITableView2DemoTests.m */,
				D76D8E1F1B70DA0600B9179A /* Supporting Files */,
			);
			path = UITableView2DemoTests;
			sourceTree = "<group>";
		};
		D76D8E1F1B70DA0600B9179A /* Supporting Files */ = {
			isa = PBXGroup;
			children = (
				D76D8E201B70DA0600B9179A /* Info.plist */,
			);
			name = "Supporting Files";
			sourceTree = "<group>";
		};
/* End PBXGroup section */

/* Begin PBXNativeTarget section */
		D76D8E011B70DA0600B9179A /* UITableView2Demo */ = {
			isa = PBXNativeTarget;
			buildConfigurationList = D76D8E251B70DA0600B9179A /* Build configuration list for PBXNativeTarget "UITableView2Demo" */;
			buildPhases = (
				D76D8DFE1B70DA0600B9179A /* Sources */,
				D76D8DFF1B70DA0600B9179A /* Frameworks */,
				D76D8E001B70DA0600B9179A /* Resources */,
			);
			buildRules = (
			);
			dependencies = (
			);
			name = UITableView2Demo;
			productName = UITableView2Demo;
			productReference = D76D8E021B70DA0600B9179A /* UITableView2Demo.app */;
			productType = "com.apple.product-type.application";
		};
		D76D8E1A1B70DA0600B9179A /* UITableView2DemoTests */ = {
			isa = PBXNativeTarget;
			buildConfigurationList = D76D8E281B70DA0600B9179A /* Build configuration list for PBXNativeTarget "UITableView2DemoTests" */;
			buildPhases = (
				D76D8E171B70DA0600B9179A /* Sources */,
				D76D8E181B70DA0600B9179A /* Frameworks */,
				D76D8E191B70DA0600B9179A /* Resources */,
			);
			buildRules = (
			);
			dependencies = (
				D76D8E1D1B70DA0600B9179A /* PBXTargetDependency */,
			);
			name = UITableView2DemoTests;
			productName = UITableView2DemoTests;
			productReference = D76D8E1B1B70DA0600B9179A /* UITableView2DemoTests.xctest */;
			productType = "com.apple.product-type.bundle.unit-test";
		};
/* End PBXNativeTarget section */

/* Begin PBXProject section */
		D76D8DFA1B70DA0600B9179A /* Project object */ = {
			isa = PBXProject;
			attributes = {
				LastUpgradeCheck = 0640;
				ORGANIZATIONNAME = uuzuche;
				TargetAttributes = {
					D76D8E011B70DA0600B9179A = {
						CreatedOnToolsVersion = 6.4;
					};
					D76D8E1A1B70DA0600B9179A = {
						CreatedOnToolsVersion = 6.4;
						TestTargetID = D76D8E011B70DA0600B9179A;
					};
				};
			};
			buildConfigurationList = D76D8DFD1B70DA0600B9179A /* Build configuration list for PBXProject "UITableView2Demo" */;
			compatibilityVersion = "Xcode 3.2";
			developmentRegion = English;
			hasScannedForEncodings = 0;
			knownRegions = (
				en,
				Base,
			);
			mainGroup = D76D8DF91B70DA0600B9179A;
			productRefGroup = D76D8E031B70DA0600B9179A /* Products */;
			projectDirPath = "";
			projectRoot = "";
			targets = (
				D76D8E011B70DA0600B9179A /* UITableView2Demo */,
				D76D8E1A1B70DA0600B9179A /* UITableView2DemoTests */,
			);
		};
/* End PBXProject section */

/* Begin PBXResourcesBuildPhase section */
		D76D8E001B70DA0600B9179A /* Resources */ = {
			isa = PBXResourcesBuildPhase;
			buildActionMask = 2147483647;
			files = (
				D76D8E161B70DA0600B9179A /* LaunchScreen.xib in Resources */,
				D76D8E131B70DA0600B9179A /* Images.xcassets in Resources */,
			);
			runOnlyForDeploymentPostprocessing = 0;
		};
		D76D8E191B70DA0600B9179A /* Resources */ = {
			isa = PBXResourcesBuildPhase;
			buildActionMask = 2147483647;
			files = (
			);
			runOnlyForDeploymentPostprocessing = 0;
		};
/* End PBXResourcesBuildPhase section */

/* Begin PBXSourcesBuildPhase section */
		D76D8DFE1B70DA0600B9179A /* Sources */ = {
			isa = PBXSourcesBuildPhase;
			buildActionMask = 2147483647;
			files = (
				D76D8E0B1B70DA0600B9179A /* AppDelegate.m in Sources */,
				D76D8E681B70DDB700B9179A /* TableViewController.m in Sources */,
				D76D8E081B70DA0600B9179A /* main.m in Sources */,
				D76D8E6B1B70DE2100B9179A /* Character.m in Sources */,
			);
			runOnlyForDeploymentPostprocessing = 0;
		};
		D76D8E171B70DA0600B9179A /* Sources */ = {
			isa = PBXSourcesBuildPhase;
			buildActionMask = 2147483647;
			files = (
				D76D8E221B70DA0600B9179A /* UITableView2DemoTests.m in Sources */,
			);
			runOnlyForDeploymentPostprocessing = 0;
		};
/* End PBXSourcesBuildPhase section */

/* Begin PBXTargetDependency section */
		D76D8E1D1B70DA0600B9179A /* PBXTargetDependency */ = {
			isa = PBXTargetDependency;
			target = D76D8E011B70DA0600B9179A /* UITableView2Demo */;
			targetProxy = D76D8E1C1B70DA0600B9179A /* PBXContainerItemProxy */;
		};
/* End PBXTargetDependency section */

/* Begin PBXVariantGroup section */
		D76D8E141B70DA0600B9179A /* LaunchScreen.xib */ = {
			isa = PBXVariantGroup;
			children = (
				D76D8E151B70DA0600B9179A /* Base */,
			);
			name = LaunchScreen.xib;
			sourceTree = "<group>";
		};
/* End PBXVariantGroup section */

/* Begin XCBuildConfiguration section */
		D76D8E231B70DA0600B9179A /* Debug */ = {
			isa = XCBuildConfiguration;
			buildSettings = {
				ALWAYS_SEARCH_USER_PATHS = NO;
				CLANG_CXX_LANGUAGE_STANDARD = "gnu++0x";
				CLANG_CXX_LIBRARY = "libc++";
				CLANG_ENABLE_MODULES = YES;
				CLANG_ENABLE_OBJC_ARC = YES;
				CLANG_WARN_BOOL_CONVERSION = YES;
				CLANG_WARN_CONSTANT_CONVERSION = YES;
				CLANG_WARN_DIRECT_OBJC_ISA_USAGE = YES_ERROR;
				CLANG_WARN_EMPTY_BODY = YES;
				CLANG_WARN_ENUM_CONVERSION = YES;
				CLANG_WARN_INT_CONVERSION = YES;
				CLANG_WARN_OBJC_ROOT_CLASS = YES_ERROR;
				CLANG_WARN_UNREACHABLE_CODE = YES;
				CLANG_WARN__DUPLICATE_METHOD_MATCH = YES;
				"CODE_SIGN_IDENTITY[sdk=iphoneos*]" = "iPhone Developer";
				COPY_PHASE_STRIP = NO;
				DEBUG_INFORMATION_FORMAT = "dwarf-with-dsym";
				ENABLE_STRICT_OBJC_MSGSEND = YES;
				GCC_C_LANGUAGE_STANDARD = gnu99;
				GCC_DYNAMIC_NO_PIC = NO;
				GCC_NO_COMMON_BLOCKS = YES;
				GCC_OPTIMIZATION_LEVEL = 0;
				GCC_PREPROCESSOR_DEFINITIONS = (
					"DEBUG=1",
					"$(inherited)",
				);
				GCC_SYMBOLS_PRIVATE_EXTERN = NO;
				GCC_WARN_64_TO_32_BIT_CONVERSION = YES;
				GCC_WARN_ABOUT_RETURN_TYPE = YES_ERROR;
				GCC_WARN_UNDECLARED_SELECTOR = YES;
				GCC_WARN_UNINITIALIZED_AUTOS = YES_AGGRESSIVE;
				GCC_WARN_UNUSED_FUNCTION = YES;
				GCC_WARN_UNUSED_VARIABLE = YES;
				IPHONEOS_DEPLOYMENT_TARGET = 8.4;
				MTL_ENABLE_DEBUG_INFO = YES;
				ONLY_ACTIVE_ARCH = YES;
				SDKROOT = iphoneos;
			};
			name = Debug;
		};
		D76D8E241B70DA0600B9179A /* Release */ = {
			isa = XCBuildConfiguration;
			buildSettings = {
				ALWAYS_SEARCH_USER_PATHS = NO;
				CLANG_CXX_LANGUAGE_STANDARD = "gnu++0x";
				CLANG_CXX_LIBRARY = "libc++";
				CLANG_ENABLE_MODULES = YES;
				CLANG_ENABLE_OBJC_ARC = YES;
				CLANG_WARN_BOOL_CONVERSION = YES;
				CLANG_WARN_CONSTANT_CONVERSION = YES;
				CLANG_WARN_DIRECT_OBJC_ISA_USAGE = YES_ERROR;
				CLANG_WARN_EMPTY_BODY = YES;
				CLANG_WARN_ENUM_CONVERSION = YES;
				CLANG_WARN_INT_CONVERSION = YES;
				CLANG_WARN_OBJC_ROOT_CLASS = YES_ERROR;
				CLANG_WARN_UNREACHABLE_CODE = YES;
				CLANG_WARN__DUPLICATE_METHOD_MATCH = YES;
				"CODE_SIGN_IDENTITY[sdk=iphoneos*]" = "iPhone Developer";
				COPY_PHASE_STRIP = NO;
				DEBUG_INFORMATION_FORMAT = "dwarf-with-dsym";
				ENABLE_NS_ASSERTIONS = NO;
				ENABLE_STRICT_OBJC_MSGSEND = YES;
				GCC_C_LANGUAGE_STANDARD = gnu99;
				GCC_NO_COMMON_BLOCKS = YES;
				GCC_WARN_64_TO_32_BIT_CONVERSION = YES;
				GCC_WARN_ABOUT_RETURN_TYPE = YES_ERROR;
				GCC_WARN_UNDECLARED_SELECTOR = YES;
				GCC_WARN_UNINITIALIZED_AUTOS = YES_AGGRESSIVE;
				GCC_WARN_UNUSED_FUNCTION = YES;
				GCC_WARN_UNUSED_VARIABLE = YES;
				IPHONEOS_DEPLOYMENT_TARGET = 8.4;
				MTL_ENABLE_DEBUG_INFO = NO;
				SDKROOT = iphoneos;
				VALIDATE_PRODUCT = YES;
			};
			name = Release;
		};
		D76D8E261B70DA0600B9179A /* Debug */ = {
			isa = XCBuildConfiguration;
			buildSettings = {
				ASSETCATALOG_COMPILER_APPICON_NAME = AppIcon;
				INFOPLIST_FILE = UITableView2Demo/Info.plist;
				LD_RUNPATH_SEARCH_PATHS = "$(inherited) @executable_path/Frameworks";
				PRODUCT_NAME = "$(TARGET_NAME)";
			};
			name = Debug;
		};
		D76D8E271B70DA0600B9179A /* Release */ = {
			isa = XCBuildConfiguration;
			buildSettings = {
				ASSETCATALOG_COMPILER_APPICON_NAME = AppIcon;
				INFOPLIST_FILE = UITableView2Demo/Info.plist;
				LD_RUNPATH_SEARCH_PATHS = "$(inherited) @executable_path/Frameworks";
				PRODUCT_NAME = "$(TARGET_NAME)";
			};
			name = Release;
		};
		D76D8E291B70DA0600B9179A /* Debug */ = {
			isa = XCBuildConfiguration;
			buildSettings = {
				BUNDLE_LOADER = "$(TEST_HOST)";
				FRAMEWORK_SEARCH_PATHS = (
					"$(SDKROOT)/Developer/Library/Frameworks",
					"$(inherited)",
				);
				GCC_PREPROCESSOR_DEFINITIONS = (
					"DEBUG=1",
					"$(inherited)",
				);
				INFOPLIST_FILE = UITableView2DemoTests/Info.plist;
				LD_RUNPATH_SEARCH_PATHS = "$(inherited) @executable_path/Frameworks @loader_path/Frameworks";
				PRODUCT_NAME = "$(TARGET_NAME)";
				TEST_HOST = "$(BUILT_PRODUCTS_DIR)/UITableView2Demo.app/UITableView2Demo";
			};
			name = Debug;
		};
		D76D8E2A1B70DA0600B9179A /* Release */ = {
			isa = XCBuildConfiguration;
			buildSettings = {
				BUNDLE_LOADER = "$(TEST_HOST)";
				FRAMEWORK_SEARCH_PATHS = (
					"$(SDKROOT)/Developer/Library/Frameworks",
					"$(inherited)",
				);
				INFOPLIST_FILE = UITableView2DemoTests/Info.plist;
				LD_RUNPATH_SEARCH_PATHS = "$(inherited) @executable_path/Frameworks @loader_path/Frameworks";
				PRODUCT_NAME = "$(TARGET_NAME)";
				TEST_HOST = "$(BUILT_PRODUCTS_DIR)/UITableView2Demo.app/UITableView2Demo";
			};
			name = Release;
		};
/* End XCBuildConfiguration section */

/* Begin XCConfigurationList section */
		D76D8DFD1B70DA0600B9179A /* Build configuration list for PBXProject "UITableView2Demo" */ = {
			isa = XCConfigurationList;
			buildConfigurations = (
				D76D8E231B70DA0600B9179A /* Debug */,
				D76D8E241B70DA0600B9179A /* Release */,
			);
			defaultConfigurationIsVisible = 0;
			defaultConfigurationName = Release;
		};
		D76D8E251B70DA0600B9179A /* Build configuration list for PBXNativeTarget "UITableView2Demo" */ = {
			isa = XCConfigurationList;
			buildConfigurations = (
				D76D8E261B70DA0600B9179A /* Debug */,
				D76D8E271B70DA0600B9179A /* Release */,
			);
			defaultConfigurationIsVisible = 0;
			defaultConfigurationName = Release;
		};
		D76D8E281B70DA0600B9179A /* Build configuration list for PBXNativeTarget "UITableView2DemoTests" */ = {
			isa = XCConfigurationList;
			buildConfigurations = (
				D76D8E291B70DA0600B9179A /* Debug */,
				D76D8E2A1B70DA0600B9179A /* Release */,
			);
			defaultConfigurationIsVisible = 0;
			defaultConfigurationName = Release;
		};
/* End XCConfigurationList section */
	};
	rootObject = D76D8DFA1B70DA0600B9179A /* Project object */;
}
